
Microsoft Visual Studio Solution File, Format Version 12.00
# Visual Studio Version 17
VisualStudioVersion = 17.0.31710.8
MinimumVisualStudioVersion = 10.0.40219.1
Project("{FAE04EC0-301F-11D3-BF4B-00C04F79EFBC}") = "Lab1_10", "Lab1_10\Lab1_10.csproj", "{DACC3161-934A-4ED5-9A78-D7A8763F6E94}"
EndProject
Global
	GlobalSection(SolutionConfigurationPlatforms) = preSolution
		Debug|Any CPU = Debug|Any CPU
		Release|Any CPU = Release|Any CPU
	EndGlobalSection
	GlobalSection(ProjectConfigurationPlatforms) = postSolution
		{DACC3161-934A-4ED5-9A78-D7A8763F6E94}.Debug|Any CPU.ActiveCfg = Debug|Any CPU
		{DACC3161-934A-4ED5-9A78-D7A8763F6E94}.Debug|Any CPU.Build.0 = Debug|Any CPU
		{DACC3161-934A-4ED5-9A78-D7A8763F6E94}.Release|Any CPU.ActiveCfg = Release|Any CPU
		{DACC3161-934A-4ED5-9A78-D7A8763F6E94}.Release|Any CPU.Build.0 = Release|Any CPU
	EndGlobalSection
	GlobalSection(SolutionProperties) = preSolution
		HideSolutionNode = FALSE
	EndGlobalSection
	GlobalSection(ExtensibilityGlobals) = postSolution
		SolutionGuid = {651EC03E-2634-41CB-A667-8BA4D2CB62FA}
	EndGlobalSection
EndGlobal
