
Microsoft Visual Studio Solution File, Format Version 12.00
# Visual Studio Version 16
VisualStudioVersion = 16.0.31911.196
MinimumVisualStudioVersion = 10.0.40219.1
Project("{FAE04EC0-301F-11D3-BF4B-00C04F79EFBC}") = "Lab6_5", "Lab6_5\Lab6_5.csproj", "{9C4A2CFB-5975-4C46-BF74-DB530C7FF4F1}"
EndProject
Global
	GlobalSection(SolutionConfigurationPlatforms) = preSolution
		Debug|Any CPU = Debug|Any CPU
		Release|Any CPU = Release|Any CPU
	EndGlobalSection
	GlobalSection(ProjectConfigurationPlatforms) = postSolution
		{9C4A2CFB-5975-4C46-BF74-DB530C7FF4F1}.Debug|Any CPU.ActiveCfg = Debug|Any CPU
		{9C4A2CFB-5975-4C46-BF74-DB530C7FF4F1}.Debug|Any CPU.Build.0 = Debug|Any CPU
		{9C4A2CFB-5975-4C46-BF74-DB530C7FF4F1}.Release|Any CPU.ActiveCfg = Release|Any CPU
		{9C4A2CFB-5975-4C46-BF74-DB530C7FF4F1}.Release|Any CPU.Build.0 = Release|Any CPU
	EndGlobalSection
	GlobalSection(SolutionProperties) = preSolution
		HideSolutionNode = FALSE
	EndGlobalSection
	GlobalSection(ExtensibilityGlobals) = postSolution
		SolutionGuid = {2B9AAA28-D8CE-4626-AC5B-2897C250DF13}
	EndGlobalSection
EndGlobal
