
Microsoft Visual Studio Solution File, Format Version 12.00
# Visual Studio Version 16
VisualStudioVersion = 16.0.31911.196
MinimumVisualStudioVersion = 10.0.40219.1
Project("{FAE04EC0-301F-11D3-BF4B-00C04F79EFBC}") = "Lab4_6", "Lab4_6\Lab4_6.csproj", "{F126EFFC-681E-4B22-A80F-3E1E97D34BD3}"
EndProject
Global
	GlobalSection(SolutionConfigurationPlatforms) = preSolution
		Debug|Any CPU = Debug|Any CPU
		Release|Any CPU = Release|Any CPU
	EndGlobalSection
	GlobalSection(ProjectConfigurationPlatforms) = postSolution
		{F126EFFC-681E-4B22-A80F-3E1E97D34BD3}.Debug|Any CPU.ActiveCfg = Debug|Any CPU
		{F126EFFC-681E-4B22-A80F-3E1E97D34BD3}.Debug|Any CPU.Build.0 = Debug|Any CPU
		{F126EFFC-681E-4B22-A80F-3E1E97D34BD3}.Release|Any CPU.ActiveCfg = Release|Any CPU
		{F126EFFC-681E-4B22-A80F-3E1E97D34BD3}.Release|Any CPU.Build.0 = Release|Any CPU
	EndGlobalSection
	GlobalSection(SolutionProperties) = preSolution
		HideSolutionNode = FALSE
	EndGlobalSection
	GlobalSection(ExtensibilityGlobals) = postSolution
		SolutionGuid = {1E40ECF6-80B6-481B-829A-D0342A94316E}
	EndGlobalSection
EndGlobal
