
Microsoft Visual Studio Solution File, Format Version 12.00
# Visual Studio Version 16
VisualStudioVersion = 16.0.31911.196
MinimumVisualStudioVersion = 10.0.40219.1
Project("{FAE04EC0-301F-11D3-BF4B-00C04F79EFBC}") = "Lab3_2", "Lab3_2\Lab3_2.csproj", "{98270B88-C2D2-4C13-9CE0-BA549FA70407}"
EndProject
Global
	GlobalSection(SolutionConfigurationPlatforms) = preSolution
		Debug|Any CPU = Debug|Any CPU
		Release|Any CPU = Release|Any CPU
	EndGlobalSection
	GlobalSection(ProjectConfigurationPlatforms) = postSolution
		{98270B88-C2D2-4C13-9CE0-BA549FA70407}.Debug|Any CPU.ActiveCfg = Debug|Any CPU
		{98270B88-C2D2-4C13-9CE0-BA549FA70407}.Debug|Any CPU.Build.0 = Debug|Any CPU
		{98270B88-C2D2-4C13-9CE0-BA549FA70407}.Release|Any CPU.ActiveCfg = Release|Any CPU
		{98270B88-C2D2-4C13-9CE0-BA549FA70407}.Release|Any CPU.Build.0 = Release|Any CPU
	EndGlobalSection
	GlobalSection(SolutionProperties) = preSolution
		HideSolutionNode = FALSE
	EndGlobalSection
	GlobalSection(ExtensibilityGlobals) = postSolution
		SolutionGuid = {F297D3F3-B3F2-442F-A944-110D9FF6BD69}
	EndGlobalSection
EndGlobal
