
Microsoft Visual Studio Solution File, Format Version 12.00
# Visual Studio Version 17
VisualStudioVersion = 17.0.31710.8
MinimumVisualStudioVersion = 10.0.40219.1
Project("{FAE04EC0-301F-11D3-BF4B-00C04F79EFBC}") = "Lab3_2", "Lab3_2\Lab3_2.csproj", "{BE5489C9-FD33-4EEC-85FB-F2075928E1D6}"
EndProject
Global
	GlobalSection(SolutionConfigurationPlatforms) = preSolution
		Debug|Any CPU = Debug|Any CPU
		Release|Any CPU = Release|Any CPU
	EndGlobalSection
	GlobalSection(ProjectConfigurationPlatforms) = postSolution
		{BE5489C9-FD33-4EEC-85FB-F2075928E1D6}.Debug|Any CPU.ActiveCfg = Debug|Any CPU
		{BE5489C9-FD33-4EEC-85FB-F2075928E1D6}.Debug|Any CPU.Build.0 = Debug|Any CPU
		{BE5489C9-FD33-4EEC-85FB-F2075928E1D6}.Release|Any CPU.ActiveCfg = Release|Any CPU
		{BE5489C9-FD33-4EEC-85FB-F2075928E1D6}.Release|Any CPU.Build.0 = Release|Any CPU
	EndGlobalSection
	GlobalSection(SolutionProperties) = preSolution
		HideSolutionNode = FALSE
	EndGlobalSection
	GlobalSection(ExtensibilityGlobals) = postSolution
		SolutionGuid = {4253449B-49F4-485D-B432-3610CC27B6EE}
	EndGlobalSection
EndGlobal
