
Microsoft Visual Studio Solution File, Format Version 12.00
# Visual Studio Version 16
VisualStudioVersion = 16.0.31911.196
MinimumVisualStudioVersion = 10.0.40219.1
Project("{FAE04EC0-301F-11D3-BF4B-00C04F79EFBC}") = "Lab4_5", "Lab4_5\Lab4_5.csproj", "{F567021E-E667-48B1-AFEB-EC7A2AA41869}"
EndProject
Global
	GlobalSection(SolutionConfigurationPlatforms) = preSolution
		Debug|Any CPU = Debug|Any CPU
		Release|Any CPU = Release|Any CPU
	EndGlobalSection
	GlobalSection(ProjectConfigurationPlatforms) = postSolution
		{F567021E-E667-48B1-AFEB-EC7A2AA41869}.Debug|Any CPU.ActiveCfg = Debug|Any CPU
		{F567021E-E667-48B1-AFEB-EC7A2AA41869}.Debug|Any CPU.Build.0 = Debug|Any CPU
		{F567021E-E667-48B1-AFEB-EC7A2AA41869}.Release|Any CPU.ActiveCfg = Release|Any CPU
		{F567021E-E667-48B1-AFEB-EC7A2AA41869}.Release|Any CPU.Build.0 = Release|Any CPU
	EndGlobalSection
	GlobalSection(SolutionProperties) = preSolution
		HideSolutionNode = FALSE
	EndGlobalSection
	GlobalSection(ExtensibilityGlobals) = postSolution
		SolutionGuid = {CAA5045F-379A-44F6-802B-BE33F345CF37}
	EndGlobalSection
EndGlobal
