
Microsoft Visual Studio Solution File, Format Version 12.00
# Visual Studio Version 17
VisualStudioVersion = 17.0.31710.8
MinimumVisualStudioVersion = 10.0.40219.1
Project("{FAE04EC0-301F-11D3-BF4B-00C04F79EFBC}") = "Lab1_8", "Lab1_8\Lab1_8.csproj", "{5AE5E6E0-E739-495B-9FDB-ADB51D8A0B31}"
EndProject
Global
	GlobalSection(SolutionConfigurationPlatforms) = preSolution
		Debug|Any CPU = Debug|Any CPU
		Release|Any CPU = Release|Any CPU
	EndGlobalSection
	GlobalSection(ProjectConfigurationPlatforms) = postSolution
		{5AE5E6E0-E739-495B-9FDB-ADB51D8A0B31}.Debug|Any CPU.ActiveCfg = Debug|Any CPU
		{5AE5E6E0-E739-495B-9FDB-ADB51D8A0B31}.Debug|Any CPU.Build.0 = Debug|Any CPU
		{5AE5E6E0-E739-495B-9FDB-ADB51D8A0B31}.Release|Any CPU.ActiveCfg = Release|Any CPU
		{5AE5E6E0-E739-495B-9FDB-ADB51D8A0B31}.Release|Any CPU.Build.0 = Release|Any CPU
	EndGlobalSection
	GlobalSection(SolutionProperties) = preSolution
		HideSolutionNode = FALSE
	EndGlobalSection
	GlobalSection(ExtensibilityGlobals) = postSolution
		SolutionGuid = {355C5A16-6D41-49A7-A236-78550E623019}
	EndGlobalSection
EndGlobal
