
Microsoft Visual Studio Solution File, Format Version 12.00
# Visual Studio Version 17
VisualStudioVersion = 17.0.31710.8
MinimumVisualStudioVersion = 10.0.40219.1
Project("{FAE04EC0-301F-11D3-BF4B-00C04F79EFBC}") = "Lab4_8", "Lab4_8\Lab4_8.csproj", "{93575C0D-3168-4217-B433-5DDE4EFCBB0F}"
EndProject
Global
	GlobalSection(SolutionConfigurationPlatforms) = preSolution
		Debug|Any CPU = Debug|Any CPU
		Release|Any CPU = Release|Any CPU
	EndGlobalSection
	GlobalSection(ProjectConfigurationPlatforms) = postSolution
		{93575C0D-3168-4217-B433-5DDE4EFCBB0F}.Debug|Any CPU.ActiveCfg = Debug|Any CPU
		{93575C0D-3168-4217-B433-5DDE4EFCBB0F}.Debug|Any CPU.Build.0 = Debug|Any CPU
		{93575C0D-3168-4217-B433-5DDE4EFCBB0F}.Release|Any CPU.ActiveCfg = Release|Any CPU
		{93575C0D-3168-4217-B433-5DDE4EFCBB0F}.Release|Any CPU.Build.0 = Release|Any CPU
	EndGlobalSection
	GlobalSection(SolutionProperties) = preSolution
		HideSolutionNode = FALSE
	EndGlobalSection
	GlobalSection(ExtensibilityGlobals) = postSolution
		SolutionGuid = {7EFBC274-AD1B-469B-88F4-B4374D33A5E4}
	EndGlobalSection
EndGlobal
