
Microsoft Visual Studio Solution File, Format Version 12.00
# Visual Studio Version 16
VisualStudioVersion = 16.0.31911.196
MinimumVisualStudioVersion = 10.0.40219.1
Project("{FAE04EC0-301F-11D3-BF4B-00C04F79EFBC}") = "Lab6_3", "Lab6_3\Lab6_3.csproj", "{72427C60-E9F9-4BC0-8EA1-E19965E662A4}"
EndProject
Global
	GlobalSection(SolutionConfigurationPlatforms) = preSolution
		Debug|Any CPU = Debug|Any CPU
		Release|Any CPU = Release|Any CPU
	EndGlobalSection
	GlobalSection(ProjectConfigurationPlatforms) = postSolution
		{72427C60-E9F9-4BC0-8EA1-E19965E662A4}.Debug|Any CPU.ActiveCfg = Debug|Any CPU
		{72427C60-E9F9-4BC0-8EA1-E19965E662A4}.Debug|Any CPU.Build.0 = Debug|Any CPU
		{72427C60-E9F9-4BC0-8EA1-E19965E662A4}.Release|Any CPU.ActiveCfg = Release|Any CPU
		{72427C60-E9F9-4BC0-8EA1-E19965E662A4}.Release|Any CPU.Build.0 = Release|Any CPU
	EndGlobalSection
	GlobalSection(SolutionProperties) = preSolution
		HideSolutionNode = FALSE
	EndGlobalSection
	GlobalSection(ExtensibilityGlobals) = postSolution
		SolutionGuid = {993139DF-383F-47BD-9B68-FDFF7BA50F3D}
	EndGlobalSection
EndGlobal
