
Microsoft Visual Studio Solution File, Format Version 12.00
# Visual Studio Version 17
VisualStudioVersion = 17.0.31710.8
MinimumVisualStudioVersion = 10.0.40219.1
Project("{FAE04EC0-301F-11D3-BF4B-00C04F79EFBC}") = "Lab2_4", "Lab2_4\Lab2_4.csproj", "{67F8DACD-AD02-4D68-BAA7-5838E6D5779E}"
EndProject
Global
	GlobalSection(SolutionConfigurationPlatforms) = preSolution
		Debug|Any CPU = Debug|Any CPU
		Release|Any CPU = Release|Any CPU
	EndGlobalSection
	GlobalSection(ProjectConfigurationPlatforms) = postSolution
		{67F8DACD-AD02-4D68-BAA7-5838E6D5779E}.Debug|Any CPU.ActiveCfg = Debug|Any CPU
		{67F8DACD-AD02-4D68-BAA7-5838E6D5779E}.Debug|Any CPU.Build.0 = Debug|Any CPU
		{67F8DACD-AD02-4D68-BAA7-5838E6D5779E}.Release|Any CPU.ActiveCfg = Release|Any CPU
		{67F8DACD-AD02-4D68-BAA7-5838E6D5779E}.Release|Any CPU.Build.0 = Release|Any CPU
	EndGlobalSection
	GlobalSection(SolutionProperties) = preSolution
		HideSolutionNode = FALSE
	EndGlobalSection
	GlobalSection(ExtensibilityGlobals) = postSolution
		SolutionGuid = {A92F8CFF-1291-463E-9EB1-51738A918957}
	EndGlobalSection
EndGlobal
