
Microsoft Visual Studio Solution File, Format Version 12.00
# Visual Studio Version 17
VisualStudioVersion = 17.0.31710.8
MinimumVisualStudioVersion = 10.0.40219.1
Project("{FAE04EC0-301F-11D3-BF4B-00C04F79EFBC}") = "Lab4_3", "Lab4_3\Lab4_3.csproj", "{AB1B94B6-A3A1-4B58-9FDE-88B93B4A18D8}"
EndProject
Global
	GlobalSection(SolutionConfigurationPlatforms) = preSolution
		Debug|Any CPU = Debug|Any CPU
		Release|Any CPU = Release|Any CPU
	EndGlobalSection
	GlobalSection(ProjectConfigurationPlatforms) = postSolution
		{AB1B94B6-A3A1-4B58-9FDE-88B93B4A18D8}.Debug|Any CPU.ActiveCfg = Debug|Any CPU
		{AB1B94B6-A3A1-4B58-9FDE-88B93B4A18D8}.Debug|Any CPU.Build.0 = Debug|Any CPU
		{AB1B94B6-A3A1-4B58-9FDE-88B93B4A18D8}.Release|Any CPU.ActiveCfg = Release|Any CPU
		{AB1B94B6-A3A1-4B58-9FDE-88B93B4A18D8}.Release|Any CPU.Build.0 = Release|Any CPU
	EndGlobalSection
	GlobalSection(SolutionProperties) = preSolution
		HideSolutionNode = FALSE
	EndGlobalSection
	GlobalSection(ExtensibilityGlobals) = postSolution
		SolutionGuid = {BF242034-6F3A-449F-8982-BDE834F9BC87}
	EndGlobalSection
EndGlobal
