
Microsoft Visual Studio Solution File, Format Version 12.00
# Visual Studio Version 16
VisualStudioVersion = 16.0.31911.196
MinimumVisualStudioVersion = 10.0.40219.1
Project("{FAE04EC0-301F-11D3-BF4B-00C04F79EFBC}") = "Lab10_3", "Lab10_3\Lab10_3.csproj", "{6AE9D496-0709-45F4-B3F3-858E0A74F875}"
EndProject
Global
	GlobalSection(SolutionConfigurationPlatforms) = preSolution
		Debug|Any CPU = Debug|Any CPU
		Release|Any CPU = Release|Any CPU
	EndGlobalSection
	GlobalSection(ProjectConfigurationPlatforms) = postSolution
		{6AE9D496-0709-45F4-B3F3-858E0A74F875}.Debug|Any CPU.ActiveCfg = Debug|Any CPU
		{6AE9D496-0709-45F4-B3F3-858E0A74F875}.Debug|Any CPU.Build.0 = Debug|Any CPU
		{6AE9D496-0709-45F4-B3F3-858E0A74F875}.Release|Any CPU.ActiveCfg = Release|Any CPU
		{6AE9D496-0709-45F4-B3F3-858E0A74F875}.Release|Any CPU.Build.0 = Release|Any CPU
	EndGlobalSection
	GlobalSection(SolutionProperties) = preSolution
		HideSolutionNode = FALSE
	EndGlobalSection
	GlobalSection(ExtensibilityGlobals) = postSolution
		SolutionGuid = {D11749F1-ACCC-437E-9353-0756433DBA88}
	EndGlobalSection
EndGlobal
