
Microsoft Visual Studio Solution File, Format Version 12.00
# Visual Studio Version 16
VisualStudioVersion = 16.0.31911.196
MinimumVisualStudioVersion = 10.0.40219.1
Project("{FAE04EC0-301F-11D3-BF4B-00C04F79EFBC}") = "Lab8_2", "Lab8_2\Lab8_2.csproj", "{A711749D-5EC5-4C31-B5F3-3DA6C0059D15}"
EndProject
Global
	GlobalSection(SolutionConfigurationPlatforms) = preSolution
		Debug|Any CPU = Debug|Any CPU
		Release|Any CPU = Release|Any CPU
	EndGlobalSection
	GlobalSection(ProjectConfigurationPlatforms) = postSolution
		{A711749D-5EC5-4C31-B5F3-3DA6C0059D15}.Debug|Any CPU.ActiveCfg = Debug|Any CPU
		{A711749D-5EC5-4C31-B5F3-3DA6C0059D15}.Debug|Any CPU.Build.0 = Debug|Any CPU
		{A711749D-5EC5-4C31-B5F3-3DA6C0059D15}.Release|Any CPU.ActiveCfg = Release|Any CPU
		{A711749D-5EC5-4C31-B5F3-3DA6C0059D15}.Release|Any CPU.Build.0 = Release|Any CPU
	EndGlobalSection
	GlobalSection(SolutionProperties) = preSolution
		HideSolutionNode = FALSE
	EndGlobalSection
	GlobalSection(ExtensibilityGlobals) = postSolution
		SolutionGuid = {C86165B9-8FE3-4CED-8E67-674F5E325C17}
	EndGlobalSection
EndGlobal
